
Microsoft Visual Studio Solution File, Format Version 12.00
# Visual Studio Version 16
VisualStudioVersion = 16.0.30711.63
MinimumVisualStudioVersion = 10.0.40219.1
Project("{FAE04EC0-301F-11D3-BF4B-00C04F79EFBC}") = "WordToPdf.Producer", "WordToPdf.Producer\WordToPdf.Producer.csproj", "{C09C91D0-1196-44A8-87A3-4A2B6342CDDD}"
EndProject
Project("{FAE04EC0-301F-11D3-BF4B-00C04F79EFBC}") = "WordToPdf.Consumer", "WordToPdf.Consumer\WordToPdf.Consumer.csproj", "{BF41EFD8-4B46-40C6-9E1A-787B2D7397DF}"
EndProject
Global
	GlobalSection(SolutionConfigurationPlatforms) = preSolution
		Debug|Any CPU = Debug|Any CPU
		Release|Any CPU = Release|Any CPU
	EndGlobalSection
	GlobalSection(ProjectConfigurationPlatforms) = postSolution
		{C09C91D0-1196-44A8-87A3-4A2B6342CDDD}.Debug|Any CPU.ActiveCfg = Debug|Any CPU
		{C09C91D0-1196-44A8-87A3-4A2B6342CDDD}.Debug|Any CPU.Build.0 = Debug|Any CPU
		{C09C91D0-1196-44A8-87A3-4A2B6342CDDD}.Release|Any CPU.ActiveCfg = Release|Any CPU
		{C09C91D0-1196-44A8-87A3-4A2B6342CDDD}.Release|Any CPU.Build.0 = Release|Any CPU
		{BF41EFD8-4B46-40C6-9E1A-787B2D7397DF}.Debug|Any CPU.ActiveCfg = Debug|Any CPU
		{BF41EFD8-4B46-40C6-9E1A-787B2D7397DF}.Debug|Any CPU.Build.0 = Debug|Any CPU
		{BF41EFD8-4B46-40C6-9E1A-787B2D7397DF}.Release|Any CPU.ActiveCfg = Release|Any CPU
		{BF41EFD8-4B46-40C6-9E1A-787B2D7397DF}.Release|Any CPU.Build.0 = Release|Any CPU
	EndGlobalSection
	GlobalSection(SolutionProperties) = preSolution
		HideSolutionNode = FALSE
	EndGlobalSection
	GlobalSection(ExtensibilityGlobals) = postSolution
		SolutionGuid = {A3FA22F2-30E2-49E6-BBAC-3491A8C2CCB9}
	EndGlobalSection
EndGlobal
